// !$*UTF8*$!
{
	archiveVersion = 1;
	classes = {
	};
	objectVersion = 46;
	objects = {

/* Begin PBXBuildFile section */
		7823EA9E1A91CD4300BAF2C9 /* CoinDetailViewController.swift in Sources */ = {isa = PBXBuildFile; fileRef = 7823EA9D1A91CD4300BAF2C9 /* CoinDetailViewController.swift */; };
		7823EAA81A91D1B900BAF2C9 /* InterfaceController.swift in Sources */ = {isa = PBXBuildFile; fileRef = 7823EAA71A91D1B900BAF2C9 /* InterfaceController.swift */; };
		7823EAAA1A91D1B900BAF2C9 /* Images.xcassets in Resources */ = {isa = PBXBuildFile; fileRef = 7823EAA91A91D1B900BAF2C9 /* Images.xcassets */; };
		7823EAAE1A91D1B900BAF2C9 /* CoinTracker WatchKit App.app in Resources */ = {isa = PBXBuildFile; fileRef = 7823EAAD1A91D1B900BAF2C9 /* CoinTracker WatchKit App.app */; };
		7823EAB61A91D1B900BAF2C9 /* Interface.storyboard in Resources */ = {isa = PBXBuildFile; fileRef = 7823EAB41A91D1B900BAF2C9 /* Interface.storyboard */; };
		7823EAB81A91D1B900BAF2C9 /* Images.xcassets in Resources */ = {isa = PBXBuildFile; fileRef = 7823EAB71A91D1B900BAF2C9 /* Images.xcassets */; };
		7823EABB1A91D1B900BAF2C9 /* CoinTracker WatchKit Extension.appex in Embed App Extensions */ = {isa = PBXBuildFile; fileRef = 7823EAA31A91D1B900BAF2C9 /* CoinTracker WatchKit Extension.appex */; settings = {ATTRIBUTES = (RemoveHeadersOnCopy, ); }; };
		782822331A91195C00041AF9 /* AppDelegate.swift in Sources */ = {isa = PBXBuildFile; fileRef = 782822321A91195C00041AF9 /* AppDelegate.swift */; };
		782822351A91195C00041AF9 /* CoinsViewController.swift in Sources */ = {isa = PBXBuildFile; fileRef = 782822341A91195C00041AF9 /* CoinsViewController.swift */; };
		782822381A91195C00041AF9 /* Main.storyboard in Resources */ = {isa = PBXBuildFile; fileRef = 782822361A91195C00041AF9 /* Main.storyboard */; };
		7828223A1A91195C00041AF9 /* Images.xcassets in Resources */ = {isa = PBXBuildFile; fileRef = 782822391A91195C00041AF9 /* Images.xcassets */; };
		7828223D1A91195C00041AF9 /* LaunchScreen.xib in Resources */ = {isa = PBXBuildFile; fileRef = 7828223B1A91195C00041AF9 /* LaunchScreen.xib */; };
		782822491A91195C00041AF9 /* CoinTrackerTests.swift in Sources */ = {isa = PBXBuildFile; fileRef = 782822481A91195C00041AF9 /* CoinTrackerTests.swift */; };
		7828225C1A911A2F00041AF9 /* CoinKit.h in Headers */ = {isa = PBXBuildFile; fileRef = 7828225B1A911A2F00041AF9 /* CoinKit.h */; settings = {ATTRIBUTES = (Public, ); }; };
		782822621A911A2F00041AF9 /* CoinKit.framework in Frameworks */ = {isa = PBXBuildFile; fileRef = 782822571A911A2F00041AF9 /* CoinKit.framework */; };
		7828226B1A911A2F00041AF9 /* CoinKitTests.swift in Sources */ = {isa = PBXBuildFile; fileRef = 7828226A1A911A2F00041AF9 /* CoinKitTests.swift */; };
		7828226E1A911A2F00041AF9 /* CoinKit.framework in Frameworks */ = {isa = PBXBuildFile; fileRef = 782822571A911A2F00041AF9 /* CoinKit.framework */; };
		7828226F1A911A2F00041AF9 /* CoinKit.framework in Embed Frameworks */ = {isa = PBXBuildFile; fileRef = 782822571A911A2F00041AF9 /* CoinKit.framework */; settings = {ATTRIBUTES = (CodeSignOnCopy, RemoveHeadersOnCopy, ); }; };
		782822781A911AE900041AF9 /* Coins.swift in Sources */ = {isa = PBXBuildFile; fileRef = 782822771A911AE900041AF9 /* Coins.swift */; };
/* End PBXBuildFile section */

/* Begin PBXContainerItemProxy section */
		7823EAAF1A91D1B900BAF2C9 /* PBXContainerItemProxy */ = {
			isa = PBXContainerItemProxy;
			containerPortal = 782822251A91195C00041AF9 /* Project object */;
			proxyType = 1;
			remoteGlobalIDString = 7823EAAC1A91D1B900BAF2C9;
			remoteInfo = "CoinTracker WatchKit App";
		};
		7823EAB91A91D1B900BAF2C9 /* PBXContainerItemProxy */ = {
			isa = PBXContainerItemProxy;
			containerPortal = 782822251A91195C00041AF9 /* Project object */;
			proxyType = 1;
			remoteGlobalIDString = 7823EAA21A91D1B900BAF2C9;
			remoteInfo = "CoinTracker WatchKit Extension";
		};
		782822431A91195C00041AF9 /* PBXContainerItemProxy */ = {
			isa = PBXContainerItemProxy;
			containerPortal = 782822251A91195C00041AF9 /* Project object */;
			proxyType = 1;
			remoteGlobalIDString = 7828222C1A91195C00041AF9;
			remoteInfo = CoinTracker;
		};
		782822631A911A2F00041AF9 /* PBXContainerItemProxy */ = {
			isa = PBXContainerItemProxy;
			containerPortal = 782822251A91195C00041AF9 /* Project object */;
			proxyType = 1;
			remoteGlobalIDString = 782822561A911A2F00041AF9;
			remoteInfo = CoinKit;
		};
		782822651A911A2F00041AF9 /* PBXContainerItemProxy */ = {
			isa = PBXContainerItemProxy;
			containerPortal = 782822251A91195C00041AF9 /* Project object */;
			proxyType = 1;
			remoteGlobalIDString = 7828222C1A91195C00041AF9;
			remoteInfo = CoinTracker;
		};
		7828226C1A911A2F00041AF9 /* PBXContainerItemProxy */ = {
			isa = PBXContainerItemProxy;
			containerPortal = 782822251A91195C00041AF9 /* Project object */;
			proxyType = 1;
			remoteGlobalIDString = 782822561A911A2F00041AF9;
			remoteInfo = CoinKit;
		};
/* End PBXContainerItemProxy section */

/* Begin PBXCopyFilesBuildPhase section */
		7823EAC21A91D1BA00BAF2C9 /* Embed App Extensions */ = {
			isa = PBXCopyFilesBuildPhase;
			buildActionMask = 2147483647;
			dstPath = "";
			dstSubfolderSpec = 13;
			files = (
				7823EABB1A91D1B900BAF2C9 /* CoinTracker WatchKit Extension.appex in Embed App Extensions */,
			);
			name = "Embed App Extensions";
			runOnlyForDeploymentPostprocessing = 0;
		};
		782822731A911A2F00041AF9 /* Embed Frameworks */ = {
			isa = PBXCopyFilesBuildPhase;
			buildActionMask = 2147483647;
			dstPath = "";
			dstSubfolderSpec = 10;
			files = (
				7828226F1A911A2F00041AF9 /* CoinKit.framework in Embed Frameworks */,
			);
			name = "Embed Frameworks";
			runOnlyForDeploymentPostprocessing = 0;
		};
/* End PBXCopyFilesBuildPhase section */

/* Begin PBXFileReference section */
		7823EA9D1A91CD4300BAF2C9 /* CoinDetailViewController.swift */ = {isa = PBXFileReference; fileEncoding = 4; lastKnownFileType = sourcecode.swift; path = CoinDetailViewController.swift; sourceTree = "<group>"; };
		7823EAA31A91D1B900BAF2C9 /* CoinTracker WatchKit Extension.appex */ = {isa = PBXFileReference; explicitFileType = "wrapper.app-extension"; includeInIndex = 0; path = "CoinTracker WatchKit Extension.appex"; sourceTree = BUILT_PRODUCTS_DIR; };
		7823EAA61A91D1B900BAF2C9 /* Info.plist */ = {isa = PBXFileReference; lastKnownFileType = text.plist.xml; path = Info.plist; sourceTree = "<group>"; };
		7823EAA71A91D1B900BAF2C9 /* InterfaceController.swift */ = {isa = PBXFileReference; lastKnownFileType = sourcecode.swift; path = InterfaceController.swift; sourceTree = "<group>"; };
		7823EAA91A91D1B900BAF2C9 /* Images.xcassets */ = {isa = PBXFileReference; lastKnownFileType = folder.assetcatalog; path = Images.xcassets; sourceTree = "<group>"; };
		7823EAAD1A91D1B900BAF2C9 /* CoinTracker WatchKit App.app */ = {isa = PBXFileReference; explicitFileType = wrapper.application; includeInIndex = 0; path = "CoinTracker WatchKit App.app"; sourceTree = BUILT_PRODUCTS_DIR; };
		7823EAB31A91D1B900BAF2C9 /* Info.plist */ = {isa = PBXFileReference; lastKnownFileType = text.plist.xml; path = Info.plist; sourceTree = "<group>"; };
		7823EAB51A91D1B900BAF2C9 /* Base */ = {isa = PBXFileReference; lastKnownFileType = file.storyboard; name = Base; path = Base.lproj/Interface.storyboard; sourceTree = "<group>"; };
		7823EAB71A91D1B900BAF2C9 /* Images.xcassets */ = {isa = PBXFileReference; lastKnownFileType = folder.assetcatalog; path = Images.xcassets; sourceTree = "<group>"; };
		7828222D1A91195C00041AF9 /* CoinTracker.app */ = {isa = PBXFileReference; explicitFileType = wrapper.application; includeInIndex = 0; path = CoinTracker.app; sourceTree = BUILT_PRODUCTS_DIR; };
		782822311A91195C00041AF9 /* Info.plist */ = {isa = PBXFileReference; lastKnownFileType = text.plist.xml; path = Info.plist; sourceTree = "<group>"; };
		782822321A91195C00041AF9 /* AppDelegate.swift */ = {isa = PBXFileReference; lastKnownFileType = sourcecode.swift; path = AppDelegate.swift; sourceTree = "<group>"; };
		782822341A91195C00041AF9 /* CoinsViewController.swift */ = {isa = PBXFileReference; lastKnownFileType = sourcecode.swift; path = CoinsViewController.swift; sourceTree = "<group>"; };
		782822371A91195C00041AF9 /* Base */ = {isa = PBXFileReference; lastKnownFileType = file.storyboard; name = Base; path = Base.lproj/Main.storyboard; sourceTree = "<group>"; };
		782822391A91195C00041AF9 /* Images.xcassets */ = {isa = PBXFileReference; lastKnownFileType = folder.assetcatalog; path = Images.xcassets; sourceTree = "<group>"; };
		7828223C1A91195C00041AF9 /* Base */ = {isa = PBXFileReference; lastKnownFileType = file.xib; name = Base; path = Base.lproj/LaunchScreen.xib; sourceTree = "<group>"; };
		782822421A91195C00041AF9 /* CoinTrackerTests.xctest */ = {isa = PBXFileReference; explicitFileType = wrapper.cfbundle; includeInIndex = 0; path = CoinTrackerTests.xctest; sourceTree = BUILT_PRODUCTS_DIR; };
		782822471A91195C00041AF9 /* Info.plist */ = {isa = PBXFileReference; lastKnownFileType = text.plist.xml; path = Info.plist; sourceTree = "<group>"; };
		782822481A91195C00041AF9 /* CoinTrackerTests.swift */ = {isa = PBXFileReference; lastKnownFileType = sourcecode.swift; path = CoinTrackerTests.swift; sourceTree = "<group>"; };
		782822571A911A2F00041AF9 /* CoinKit.framework */ = {isa = PBXFileReference; explicitFileType = wrapper.framework; includeInIndex = 0; path = CoinKit.framework; sourceTree = BUILT_PRODUCTS_DIR; };
		7828225A1A911A2F00041AF9 /* Info.plist */ = {isa = PBXFileReference; lastKnownFileType = text.plist.xml; path = Info.plist; sourceTree = "<group>"; };
		7828225B1A911A2F00041AF9 /* CoinKit.h */ = {isa = PBXFileReference; lastKnownFileType = sourcecode.c.h; path = CoinKit.h; sourceTree = "<group>"; };
		782822611A911A2F00041AF9 /* CoinKitTests.xctest */ = {isa = PBXFileReference; explicitFileType = wrapper.cfbundle; includeInIndex = 0; path = CoinKitTests.xctest; sourceTree = BUILT_PRODUCTS_DIR; };
		782822691A911A2F00041AF9 /* Info.plist */ = {isa = PBXFileReference; lastKnownFileType = text.plist.xml; path = Info.plist; sourceTree = "<group>"; };
		7828226A1A911A2F00041AF9 /* CoinKitTests.swift */ = {isa = PBXFileReference; lastKnownFileType = sourcecode.swift; path = CoinKitTests.swift; sourceTree = "<group>"; };
		782822771A911AE900041AF9 /* Coins.swift */ = {isa = PBXFileReference; fileEncoding = 4; lastKnownFileType = sourcecode.swift; path = Coins.swift; sourceTree = "<group>"; };
/* End PBXFileReference section */

/* Begin PBXFrameworksBuildPhase section */
		7823EAA01A91D1B900BAF2C9 /* Frameworks */ = {
			isa = PBXFrameworksBuildPhase;
			buildActionMask = 2147483647;
			files = (
			);
			runOnlyForDeploymentPostprocessing = 0;
		};
		7828222A1A91195C00041AF9 /* Frameworks */ = {
			isa = PBXFrameworksBuildPhase;
			buildActionMask = 2147483647;
			files = (
				7828226E1A911A2F00041AF9 /* CoinKit.framework in Frameworks */,
			);
			runOnlyForDeploymentPostprocessing = 0;
		};
		7828223F1A91195C00041AF9 /* Frameworks */ = {
			isa = PBXFrameworksBuildPhase;
			buildActionMask = 2147483647;
			files = (
			);
			runOnlyForDeploymentPostprocessing = 0;
		};
		782822531A911A2F00041AF9 /* Frameworks */ = {
			isa = PBXFrameworksBuildPhase;
			buildActionMask = 2147483647;
			files = (
			);
			runOnlyForDeploymentPostprocessing = 0;
		};
		7828225E1A911A2F00041AF9 /* Frameworks */ = {
			isa = PBXFrameworksBuildPhase;
			buildActionMask = 2147483647;
			files = (
				782822621A911A2F00041AF9 /* CoinKit.framework in Frameworks */,
			);
			runOnlyForDeploymentPostprocessing = 0;
		};
/* End PBXFrameworksBuildPhase section */

/* Begin PBXGroup section */
		7823EAA41A91D1B900BAF2C9 /* CoinTracker WatchKit Extension */ = {
			isa = PBXGroup;
			children = (
				7823EAA71A91D1B900BAF2C9 /* InterfaceController.swift */,
				7823EAA91A91D1B900BAF2C9 /* Images.xcassets */,
				7823EAA51A91D1B900BAF2C9 /* Supporting Files */,
			);
			path = "CoinTracker WatchKit Extension";
			sourceTree = "<group>";
		};
		7823EAA51A91D1B900BAF2C9 /* Supporting Files */ = {
			isa = PBXGroup;
			children = (
				7823EAA61A91D1B900BAF2C9 /* Info.plist */,
			);
			name = "Supporting Files";
			sourceTree = "<group>";
		};
		7823EAB11A91D1B900BAF2C9 /* CoinTracker WatchKit App */ = {
			isa = PBXGroup;
			children = (
				7823EAB41A91D1B900BAF2C9 /* Interface.storyboard */,
				7823EAB71A91D1B900BAF2C9 /* Images.xcassets */,
				7823EAB21A91D1B900BAF2C9 /* Supporting Files */,
			);
			path = "CoinTracker WatchKit App";
			sourceTree = "<group>";
		};
		7823EAB21A91D1B900BAF2C9 /* Supporting Files */ = {
			isa = PBXGroup;
			children = (
				7823EAB31A91D1B900BAF2C9 /* Info.plist */,
			);
			name = "Supporting Files";
			sourceTree = "<group>";
		};
		782822241A91195C00041AF9 = {
			isa = PBXGroup;
			children = (
				7828222F1A91195C00041AF9 /* CoinTracker */,
				782822451A91195C00041AF9 /* CoinTrackerTests */,
				782822581A911A2F00041AF9 /* CoinKit */,
				782822671A911A2F00041AF9 /* CoinKitTests */,
				7823EAA41A91D1B900BAF2C9 /* CoinTracker WatchKit Extension */,
				7823EAB11A91D1B900BAF2C9 /* CoinTracker WatchKit App */,
				7828222E1A91195C00041AF9 /* Products */,
			);
			sourceTree = "<group>";
		};
		7828222E1A91195C00041AF9 /* Products */ = {
			isa = PBXGroup;
			children = (
				7828222D1A91195C00041AF9 /* CoinTracker.app */,
				782822421A91195C00041AF9 /* CoinTrackerTests.xctest */,
				782822571A911A2F00041AF9 /* CoinKit.framework */,
				782822611A911A2F00041AF9 /* CoinKitTests.xctest */,
				7823EAA31A91D1B900BAF2C9 /* CoinTracker WatchKit Extension.appex */,
				7823EAAD1A91D1B900BAF2C9 /* CoinTracker WatchKit App.app */,
			);
			name = Products;
			sourceTree = "<group>";
		};
		7828222F1A91195C00041AF9 /* CoinTracker */ = {
			isa = PBXGroup;
			children = (
				782822321A91195C00041AF9 /* AppDelegate.swift */,
				782822341A91195C00041AF9 /* CoinsViewController.swift */,
				7823EA9D1A91CD4300BAF2C9 /* CoinDetailViewController.swift */,
				782822361A91195C00041AF9 /* Main.storyboard */,
				782822391A91195C00041AF9 /* Images.xcassets */,
				7828223B1A91195C00041AF9 /* LaunchScreen.xib */,
				782822301A91195C00041AF9 /* Supporting Files */,
			);
			path = CoinTracker;
			sourceTree = "<group>";
		};
		782822301A91195C00041AF9 /* Supporting Files */ = {
			isa = PBXGroup;
			children = (
				782822311A91195C00041AF9 /* Info.plist */,
			);
			name = "Supporting Files";
			sourceTree = "<group>";
		};
		782822451A91195C00041AF9 /* CoinTrackerTests */ = {
			isa = PBXGroup;
			children = (
				782822481A91195C00041AF9 /* CoinTrackerTests.swift */,
				782822461A91195C00041AF9 /* Supporting Files */,
			);
			path = CoinTrackerTests;
			sourceTree = "<group>";
		};
		782822461A91195C00041AF9 /* Supporting Files */ = {
			isa = PBXGroup;
			children = (
				782822471A91195C00041AF9 /* Info.plist */,
			);
			name = "Supporting Files";
			sourceTree = "<group>";
		};
		782822581A911A2F00041AF9 /* CoinKit */ = {
			isa = PBXGroup;
			children = (
				7828225B1A911A2F00041AF9 /* CoinKit.h */,
				782822771A911AE900041AF9 /* Coins.swift */,
				782822591A911A2F00041AF9 /* Supporting Files */,
			);
			path = CoinKit;
			sourceTree = "<group>";
		};
		782822591A911A2F00041AF9 /* Supporting Files */ = {
			isa = PBXGroup;
			children = (
				7828225A1A911A2F00041AF9 /* Info.plist */,
			);
			name = "Supporting Files";
			sourceTree = "<group>";
		};
		782822671A911A2F00041AF9 /* CoinKitTests */ = {
			isa = PBXGroup;
			children = (
				7828226A1A911A2F00041AF9 /* CoinKitTests.swift */,
				782822681A911A2F00041AF9 /* Supporting Files */,
			);
			path = CoinKitTests;
			sourceTree = "<group>";
		};
		782822681A911A2F00041AF9 /* Supporting Files */ = {
			isa = PBXGroup;
			children = (
				782822691A911A2F00041AF9 /* Info.plist */,
			);
			name = "Supporting Files";
			sourceTree = "<group>";
		};
/* End PBXGroup section */

/* Begin PBXHeadersBuildPhase section */
		782822541A911A2F00041AF9 /* Headers */ = {
			isa = PBXHeadersBuildPhase;
			buildActionMask = 2147483647;
			files = (
				7828225C1A911A2F00041AF9 /* CoinKit.h in Headers */,
			);
			runOnlyForDeploymentPostprocessing = 0;
		};
/* End PBXHeadersBuildPhase section */

/* Begin PBXNativeTarget section */
		7823EAA21A91D1B900BAF2C9 /* CoinTracker WatchKit Extension */ = {
			isa = PBXNativeTarget;
			buildConfigurationList = 7823EABF1A91D1BA00BAF2C9 /* Build configuration list for PBXNativeTarget "CoinTracker WatchKit Extension" */;
			buildPhases = (
				7823EA9F1A91D1B900BAF2C9 /* Sources */,
				7823EAA01A91D1B900BAF2C9 /* Frameworks */,
				7823EAA11A91D1B900BAF2C9 /* Resources */,
			);
			buildRules = (
			);
			dependencies = (
				7823EAB01A91D1B900BAF2C9 /* PBXTargetDependency */,
			);
			name = "CoinTracker WatchKit Extension";
			productName = "CoinTracker WatchKit Extension";
			productReference = 7823EAA31A91D1B900BAF2C9 /* CoinTracker WatchKit Extension.appex */;
			productType = "com.apple.product-type.watchkit-extension";
		};
		7823EAAC1A91D1B900BAF2C9 /* CoinTracker WatchKit App */ = {
			isa = PBXNativeTarget;
			buildConfigurationList = 7823EABC1A91D1BA00BAF2C9 /* Build configuration list for PBXNativeTarget "CoinTracker WatchKit App" */;
			buildPhases = (
				7823EAAB1A91D1B900BAF2C9 /* Resources */,
			);
			buildRules = (
			);
			dependencies = (
			);
			name = "CoinTracker WatchKit App";
			productName = "CoinTracker WatchKit App";
			productReference = 7823EAAD1A91D1B900BAF2C9 /* CoinTracker WatchKit App.app */;
			productType = "com.apple.product-type.application.watchapp";
		};
		7828222C1A91195C00041AF9 /* CoinTracker */ = {
			isa = PBXNativeTarget;
			buildConfigurationList = 7828224C1A91195C00041AF9 /* Build configuration list for PBXNativeTarget "CoinTracker" */;
			buildPhases = (
				782822291A91195C00041AF9 /* Sources */,
				7828222A1A91195C00041AF9 /* Frameworks */,
				7828222B1A91195C00041AF9 /* Resources */,
				782822731A911A2F00041AF9 /* Embed Frameworks */,
				7823EAC21A91D1BA00BAF2C9 /* Embed App Extensions */,
			);
			buildRules = (
			);
			dependencies = (
				7828226D1A911A2F00041AF9 /* PBXTargetDependency */,
				7823EABA1A91D1B900BAF2C9 /* PBXTargetDependency */,
			);
			name = CoinTracker;
			productName = CoinTracker;
			productReference = 7828222D1A91195C00041AF9 /* CoinTracker.app */;
			productType = "com.apple.product-type.application";
		};
		782822411A91195C00041AF9 /* CoinTrackerTests */ = {
			isa = PBXNativeTarget;
			buildConfigurationList = 7828224F1A91195C00041AF9 /* Build configuration list for PBXNativeTarget "CoinTrackerTests" */;
			buildPhases = (
				7828223E1A91195C00041AF9 /* Sources */,
				7828223F1A91195C00041AF9 /* Frameworks */,
				782822401A91195C00041AF9 /* Resources */,
			);
			buildRules = (
			);
			dependencies = (
				782822441A91195C00041AF9 /* PBXTargetDependency */,
			);
			name = CoinTrackerTests;
			productName = CoinTrackerTests;
			productReference = 782822421A91195C00041AF9 /* CoinTrackerTests.xctest */;
			productType = "com.apple.product-type.bundle.unit-test";
		};
		782822561A911A2F00041AF9 /* CoinKit */ = {
			isa = PBXNativeTarget;
			buildConfigurationList = 782822701A911A2F00041AF9 /* Build configuration list for PBXNativeTarget "CoinKit" */;
			buildPhases = (
				782822521A911A2F00041AF9 /* Sources */,
				782822531A911A2F00041AF9 /* Frameworks */,
				782822541A911A2F00041AF9 /* Headers */,
				782822551A911A2F00041AF9 /* Resources */,
			);
			buildRules = (
			);
			dependencies = (
			);
			name = CoinKit;
			productName = CoinKit;
			productReference = 782822571A911A2F00041AF9 /* CoinKit.framework */;
			productType = "com.apple.product-type.framework";
		};
		782822601A911A2F00041AF9 /* CoinKitTests */ = {
			isa = PBXNativeTarget;
			buildConfigurationList = 782822741A911A2F00041AF9 /* Build configuration list for PBXNativeTarget "CoinKitTests" */;
			buildPhases = (
				7828225D1A911A2F00041AF9 /* Sources */,
				7828225E1A911A2F00041AF9 /* Frameworks */,
				7828225F1A911A2F00041AF9 /* Resources */,
			);
			buildRules = (
			);
			dependencies = (
				782822641A911A2F00041AF9 /* PBXTargetDependency */,
				782822661A911A2F00041AF9 /* PBXTargetDependency */,
			);
			name = CoinKitTests;
			productName = CoinKitTests;
			productReference = 782822611A911A2F00041AF9 /* CoinKitTests.xctest */;
			productType = "com.apple.product-type.bundle.unit-test";
		};
/* End PBXNativeTarget section */

/* Begin PBXProject section */
		782822251A91195C00041AF9 /* Project object */ = {
			isa = PBXProject;
			attributes = {
				LastUpgradeCheck = 0620;
				ORGANIZATIONNAME = "Razeware LLC";
				TargetAttributes = {
					7823EAA21A91D1B900BAF2C9 = {
						CreatedOnToolsVersion = 6.2;
					};
					7823EAAC1A91D1B900BAF2C9 = {
						CreatedOnToolsVersion = 6.2;
					};
					7828222C1A91195C00041AF9 = {
						CreatedOnToolsVersion = 6.2;
					};
					782822411A91195C00041AF9 = {
						CreatedOnToolsVersion = 6.2;
						TestTargetID = 7828222C1A91195C00041AF9;
					};
					782822561A911A2F00041AF9 = {
						CreatedOnToolsVersion = 6.2;
					};
					782822601A911A2F00041AF9 = {
						CreatedOnToolsVersion = 6.2;
						TestTargetID = 7828222C1A91195C00041AF9;
					};
				};
			};
			buildConfigurationList = 782822281A91195C00041AF9 /* Build configuration list for PBXProject "CoinTracker" */;
			compatibilityVersion = "Xcode 3.2";
			developmentRegion = English;
			hasScannedForEncodings = 0;
			knownRegions = (
				en,
				Base,
			);
			mainGroup = 782822241A91195C00041AF9;
			productRefGroup = 7828222E1A91195C00041AF9 /* Products */;
			projectDirPath = "";
			projectRoot = "";
			targets = (
				7828222C1A91195C00041AF9 /* CoinTracker */,
				782822411A91195C00041AF9 /* CoinTrackerTests */,
				782822561A911A2F00041AF9 /* CoinKit */,
				782822601A911A2F00041AF9 /* CoinKitTests */,
				7823EAA21A91D1B900BAF2C9 /* CoinTracker WatchKit Extension */,
				7823EAAC1A91D1B900BAF2C9 /* CoinTracker WatchKit App */,
			);
		};
/* End PBXProject section */

/* Begin PBXResourcesBuildPhase section */
		7823EAA11A91D1B900BAF2C9 /* Resources */ = {
			isa = PBXResourcesBuildPhase;
			buildActionMask = 2147483647;
			files = (
				7823EAAE1A91D1B900BAF2C9 /* CoinTracker WatchKit App.app in Resources */,
				7823EAAA1A91D1B900BAF2C9 /* Images.xcassets in Resources */,
			);
			runOnlyForDeploymentPostprocessing = 0;
		};
		7823EAAB1A91D1B900BAF2C9 /* Resources */ = {
			isa = PBXResourcesBuildPhase;
			buildActionMask = 2147483647;
			files = (
				7823EAB61A91D1B900BAF2C9 /* Interface.storyboard in Resources */,
				7823EAB81A91D1B900BAF2C9 /* Images.xcassets in Resources */,
			);
			runOnlyForDeploymentPostprocessing = 0;
		};
		7828222B1A91195C00041AF9 /* Resources */ = {
			isa = PBXResourcesBuildPhase;
			buildActionMask = 2147483647;
			files = (
				782822381A91195C00041AF9 /* Main.storyboard in Resources */,
				7828223D1A91195C00041AF9 /* LaunchScreen.xib in Resources */,
				7828223A1A91195C00041AF9 /* Images.xcassets in Resources */,
			);
			runOnlyForDeploymentPostprocessing = 0;
		};
		782822401A91195C00041AF9 /* Resources */ = {
			isa = PBXResourcesBuildPhase;
			buildActionMask = 2147483647;
			files = (
			);
			runOnlyForDeploymentPostprocessing = 0;
		};
		782822551A911A2F00041AF9 /* Resources */ = {
			isa = PBXResourcesBuildPhase;
			buildActionMask = 2147483647;
			files = (
			);
			runOnlyForDeploymentPostprocessing = 0;
		};
		7828225F1A911A2F00041AF9 /* Resources */ = {
			isa = PBXResourcesBuildPhase;
			buildActionMask = 2147483647;
			files = (
			);
			runOnlyForDeploymentPostprocessing = 0;
		};
/* End PBXResourcesBuildPhase section */

/* Begin PBXSourcesBuildPhase section */
		7823EA9F1A91D1B900BAF2C9 /* Sources */ = {
			isa = PBXSourcesBuildPhase;
			buildActionMask = 2147483647;
			files = (
				7823EAA81A91D1B900BAF2C9 /* InterfaceController.swift in Sources */,
			);
			runOnlyForDeploymentPostprocessing = 0;
		};
		782822291A91195C00041AF9 /* Sources */ = {
			isa = PBXSourcesBuildPhase;
			buildActionMask = 2147483647;
			files = (
				782822351A91195C00041AF9 /* CoinsViewController.swift in Sources */,
				7823EA9E1A91CD4300BAF2C9 /* CoinDetailViewController.swift in Sources */,
				782822331A91195C00041AF9 /* AppDelegate.swift in Sources */,
			);
			runOnlyForDeploymentPostprocessing = 0;
		};
		7828223E1A91195C00041AF9 /* Sources */ = {
			isa = PBXSourcesBuildPhase;
			buildActionMask = 2147483647;
			files = (
				782822491A91195C00041AF9 /* CoinTrackerTests.swift in Sources */,
			);
			runOnlyForDeploymentPostprocessing = 0;
		};
		782822521A911A2F00041AF9 /* Sources */ = {
			isa = PBXSourcesBuildPhase;
			buildActionMask = 2147483647;
			files = (
				782822781A911AE900041AF9 /* Coins.swift in Sources */,
			);
			runOnlyForDeploymentPostprocessing = 0;
		};
		7828225D1A911A2F00041AF9 /* Sources */ = {
			isa = PBXSourcesBuildPhase;
			buildActionMask = 2147483647;
			files = (
				7828226B1A911A2F00041AF9 /* CoinKitTests.swift in Sources */,
			);
			runOnlyForDeploymentPostprocessing = 0;
		};
/* End PBXSourcesBuildPhase section */

/* Begin PBXTargetDependency section */
		7823EAB01A91D1B900BAF2C9 /* PBXTargetDependency */ = {
			isa = PBXTargetDependency;
			target = 7823EAAC1A91D1B900BAF2C9 /* CoinTracker WatchKit App */;
			targetProxy = 7823EAAF1A91D1B900BAF2C9 /* PBXContainerItemProxy */;
		};
		7823EABA1A91D1B900BAF2C9 /* PBXTargetDependency */ = {
			isa = PBXTargetDependency;
			target = 7823EAA21A91D1B900BAF2C9 /* CoinTracker WatchKit Extension */;
			targetProxy = 7823EAB91A91D1B900BAF2C9 /* PBXContainerItemProxy */;
		};
		782822441A91195C00041AF9 /* PBXTargetDependency */ = {
			isa = PBXTargetDependency;
			target = 7828222C1A91195C00041AF9 /* CoinTracker */;
			targetProxy = 782822431A91195C00041AF9 /* PBXContainerItemProxy */;
		};
		782822641A911A2F00041AF9 /* PBXTargetDependency */ = {
			isa = PBXTargetDependency;
			target = 782822561A911A2F00041AF9 /* CoinKit */;
			targetProxy = 782822631A911A2F00041AF9 /* PBXContainerItemProxy */;
		};
		782822661A911A2F00041AF9 /* PBXTargetDependency */ = {
			isa = PBXTargetDependency;
			target = 7828222C1A91195C00041AF9 /* CoinTracker */;
			targetProxy = 782822651A911A2F00041AF9 /* PBXContainerItemProxy */;
		};
		7828226D1A911A2F00041AF9 /* PBXTargetDependency */ = {
			isa = PBXTargetDependency;
			target = 782822561A911A2F00041AF9 /* CoinKit */;
			targetProxy = 7828226C1A911A2F00041AF9 /* PBXContainerItemProxy */;
		};
/* End PBXTargetDependency section */

/* Begin PBXVariantGroup section */
		7823EAB41A91D1B900BAF2C9 /* Interface.storyboard */ = {
			isa = PBXVariantGroup;
			children = (
				7823EAB51A91D1B900BAF2C9 /* Base */,
			);
			name = Interface.storyboard;
			sourceTree = "<group>";
		};
		782822361A91195C00041AF9 /* Main.storyboard */ = {
			isa = PBXVariantGroup;
			children = (
				782822371A91195C00041AF9 /* Base */,
			);
			name = Main.storyboard;
			sourceTree = "<group>";
		};
		7828223B1A91195C00041AF9 /* LaunchScreen.xib */ = {
			isa = PBXVariantGroup;
			children = (
				7828223C1A91195C00041AF9 /* Base */,
			);
			name = LaunchScreen.xib;
			sourceTree = "<group>";
		};
/* End PBXVariantGroup section */

/* Begin XCBuildConfiguration section */
		7823EABD1A91D1BA00BAF2C9 /* Debug */ = {
			isa = XCBuildConfiguration;
			buildSettings = {
				ASSETCATALOG_COMPILER_APPICON_NAME = AppIcon;
				GCC_PREPROCESSOR_DEFINITIONS = (
					"DEBUG=1",
					"$(inherited)",
				);
				IBSC_MODULE = CoinTracker_WatchKit_Extension;
				INFOPLIST_FILE = "CoinTracker WatchKit App/Info.plist";
				PRODUCT_NAME = "$(TARGET_NAME)";
				SKIP_INSTALL = YES;
				TARGETED_DEVICE_FAMILY = 4;
				"TARGETED_DEVICE_FAMILY[sdk=iphonesimulator*]" = "1,4";
			};
			name = Debug;
		};
		7823EABE1A91D1BA00BAF2C9 /* Release */ = {
			isa = XCBuildConfiguration;
			buildSettings = {
				ASSETCATALOG_COMPILER_APPICON_NAME = AppIcon;
				IBSC_MODULE = CoinTracker_WatchKit_Extension;
				INFOPLIST_FILE = "CoinTracker WatchKit App/Info.plist";
				PRODUCT_NAME = "$(TARGET_NAME)";
				SKIP_INSTALL = YES;
				TARGETED_DEVICE_FAMILY = 4;
				"TARGETED_DEVICE_FAMILY[sdk=iphonesimulator*]" = "1,4";
			};
			name = Release;
		};
		7823EAC01A91D1BA00BAF2C9 /* Debug */ = {
			isa = XCBuildConfiguration;
			buildSettings = {
				GCC_PREPROCESSOR_DEFINITIONS = (
					"DEBUG=1",
					"$(inherited)",
				);
				INFOPLIST_FILE = "CoinTracker WatchKit Extension/Info.plist";
				LD_RUNPATH_SEARCH_PATHS = "$(inherited) @executable_path/Frameworks @executable_path/../../Frameworks";
				PRODUCT_NAME = "${TARGET_NAME}";
				SKIP_INSTALL = YES;
			};
			name = Debug;
		};
		7823EAC11A91D1BA00BAF2C9 /* Release */ = {
			isa = XCBuildConfiguration;
			buildSettings = {
				INFOPLIST_FILE = "CoinTracker WatchKit Extension/Info.plist";
				LD_RUNPATH_SEARCH_PATHS = "$(inherited) @executable_path/Frameworks @executable_path/../../Frameworks";
				PRODUCT_NAME = "${TARGET_NAME}";
				SKIP_INSTALL = YES;
			};
			name = Release;
		};
		7828224A1A91195C00041AF9 /* Debug */ = {
			isa = XCBuildConfiguration;
			buildSettings = {
				ALWAYS_SEARCH_USER_PATHS = NO;
				CLANG_CXX_LANGUAGE_STANDARD = "gnu++0x";
				CLANG_CXX_LIBRARY = "libc++";
				CLANG_ENABLE_MODULES = YES;
				CLANG_ENABLE_OBJC_ARC = YES;
				CLANG_WARN_BOOL_CONVERSION = YES;
				CLANG_WARN_CONSTANT_CONVERSION = YES;
				CLANG_WARN_DIRECT_OBJC_ISA_USAGE = YES_ERROR;
				CLANG_WARN_EMPTY_BODY = YES;
				CLANG_WARN_ENUM_CONVERSION = YES;
				CLANG_WARN_INT_CONVERSION = YES;
				CLANG_WARN_OBJC_ROOT_CLASS = YES_ERROR;
				CLANG_WARN_UNREACHABLE_CODE = YES;
				CLANG_WARN__DUPLICATE_METHOD_MATCH = YES;
				"CODE_SIGN_IDENTITY[sdk=iphoneos*]" = "iPhone Developer";
				COPY_PHASE_STRIP = NO;
				ENABLE_STRICT_OBJC_MSGSEND = YES;
				GCC_C_LANGUAGE_STANDARD = gnu99;
				GCC_DYNAMIC_NO_PIC = NO;
				GCC_OPTIMIZATION_LEVEL = 0;
				GCC_PREPROCESSOR_DEFINITIONS = (
					"DEBUG=1",
					"$(inherited)",
				);
				GCC_SYMBOLS_PRIVATE_EXTERN = NO;
				GCC_WARN_64_TO_32_BIT_CONVERSION = YES;
				GCC_WARN_ABOUT_RETURN_TYPE = YES_ERROR;
				GCC_WARN_UNDECLARED_SELECTOR = YES;
				GCC_WARN_UNINITIALIZED_AUTOS = YES_AGGRESSIVE;
				GCC_WARN_UNUSED_FUNCTION = YES;
				GCC_WARN_UNUSED_VARIABLE = YES;
				IPHONEOS_DEPLOYMENT_TARGET = 8.2;
				MTL_ENABLE_DEBUG_INFO = YES;
				ONLY_ACTIVE_ARCH = YES;
				SDKROOT = iphoneos;
				SWIFT_OPTIMIZATION_LEVEL = "-Onone";
			};
			name = Debug;
		};
		7828224B1A91195C00041AF9 /* Release */ = {
			isa = XCBuildConfiguration;
			buildSettings = {
				ALWAYS_SEARCH_USER_PATHS = NO;
				CLANG_CXX_LANGUAGE_STANDARD = "gnu++0x";
				CLANG_CXX_LIBRARY = "libc++";
				CLANG_ENABLE_MODULES = YES;
				CLANG_ENABLE_OBJC_ARC = YES;
				CLANG_WARN_BOOL_CONVERSION = YES;
				CLANG_WARN_CONSTANT_CONVERSION = YES;
				CLANG_WARN_DIRECT_OBJC_ISA_USAGE = YES_ERROR;
				CLANG_WARN_EMPTY_BODY = YES;
				CLANG_WARN_ENUM_CONVERSION = YES;
				CLANG_WARN_INT_CONVERSION = YES;
				CLANG_WARN_OBJC_ROOT_CLASS = YES_ERROR;
				CLANG_WARN_UNREACHABLE_CODE = YES;
				CLANG_WARN__DUPLICATE_METHOD_MATCH = YES;
				"CODE_SIGN_IDENTITY[sdk=iphoneos*]" = "iPhone Developer";
				COPY_PHASE_STRIP = NO;
				ENABLE_NS_ASSERTIONS = NO;
				ENABLE_STRICT_OBJC_MSGSEND = YES;
				GCC_C_LANGUAGE_STANDARD = gnu99;
				GCC_WARN_64_TO_32_BIT_CONVERSION = YES;
				GCC_WARN_ABOUT_RETURN_TYPE = YES_ERROR;
				GCC_WARN_UNDECLARED_SELECTOR = YES;
				GCC_WARN_UNINITIALIZED_AUTOS = YES_AGGRESSIVE;
				GCC_WARN_UNUSED_FUNCTION = YES;
				GCC_WARN_UNUSED_VARIABLE = YES;
				IPHONEOS_DEPLOYMENT_TARGET = 8.2;
				MTL_ENABLE_DEBUG_INFO = NO;
				SDKROOT = iphoneos;
				VALIDATE_PRODUCT = YES;
			};
			name = Release;
		};
		7828224D1A91195C00041AF9 /* Debug */ = {
			isa = XCBuildConfiguration;
			buildSettings = {
				ASSETCATALOG_COMPILER_APPICON_NAME = AppIcon;
				EMBEDDED_CONTENT_CONTAINS_SWIFT = YES;
				INFOPLIST_FILE = CoinTracker/Info.plist;
				LD_RUNPATH_SEARCH_PATHS = "$(inherited) @executable_path/Frameworks";
				PRODUCT_NAME = "$(TARGET_NAME)";
			};
			name = Debug;
		};
		7828224E1A91195C00041AF9 /* Release */ = {
			isa = XCBuildConfiguration;
			buildSettings = {
				ASSETCATALOG_COMPILER_APPICON_NAME = AppIcon;
				EMBEDDED_CONTENT_CONTAINS_SWIFT = YES;
				INFOPLIST_FILE = CoinTracker/Info.plist;
				LD_RUNPATH_SEARCH_PATHS = "$(inherited) @executable_path/Frameworks";
				PRODUCT_NAME = "$(TARGET_NAME)";
			};
			name = Release;
		};
		782822501A91195C00041AF9 /* Debug */ = {
			isa = XCBuildConfiguration;
			buildSettings = {
				BUNDLE_LOADER = "$(TEST_HOST)";
				FRAMEWORK_SEARCH_PATHS = (
					"$(SDKROOT)/Developer/Library/Frameworks",
					"$(inherited)",
				);
				GCC_PREPROCESSOR_DEFINITIONS = (
					"DEBUG=1",
					"$(inherited)",
				);
				INFOPLIST_FILE = CoinTrackerTests/Info.plist;
				LD_RUNPATH_SEARCH_PATHS = "$(inherited) @executable_path/Frameworks @loader_path/Frameworks";
				PRODUCT_NAME = "$(TARGET_NAME)";
				TEST_HOST = "$(BUILT_PRODUCTS_DIR)/CoinTracker.app/CoinTracker";
			};
			name = Debug;
		};
		782822511A91195C00041AF9 /* Release */ = {
			isa = XCBuildConfiguration;
			buildSettings = {
				BUNDLE_LOADER = "$(TEST_HOST)";
				FRAMEWORK_SEARCH_PATHS = (
					"$(SDKROOT)/Developer/Library/Frameworks",
					"$(inherited)",
				);
				INFOPLIST_FILE = CoinTrackerTests/Info.plist;
				LD_RUNPATH_SEARCH_PATHS = "$(inherited) @executable_path/Frameworks @loader_path/Frameworks";
				PRODUCT_NAME = "$(TARGET_NAME)";
				TEST_HOST = "$(BUILT_PRODUCTS_DIR)/CoinTracker.app/CoinTracker";
			};
			name = Release;
		};
		782822711A911A2F00041AF9 /* Debug */ = {
			isa = XCBuildConfiguration;
			buildSettings = {
				CLANG_ENABLE_MODULES = YES;
				CURRENT_PROJECT_VERSION = 1;
				DEFINES_MODULE = YES;
				DYLIB_COMPATIBILITY_VERSION = 1;
				DYLIB_CURRENT_VERSION = 1;
				DYLIB_INSTALL_NAME_BASE = "@rpath";
				GCC_PREPROCESSOR_DEFINITIONS = (
					"DEBUG=1",
					"$(inherited)",
				);
				INFOPLIST_FILE = CoinKit/Info.plist;
				INSTALL_PATH = "$(LOCAL_LIBRARY_DIR)/Frameworks";
				LD_RUNPATH_SEARCH_PATHS = "$(inherited) @executable_path/Frameworks @loader_path/Frameworks";
				PRODUCT_NAME = "$(TARGET_NAME)";
				SKIP_INSTALL = YES;
				SWIFT_OPTIMIZATION_LEVEL = "-Onone";
				TARGETED_DEVICE_FAMILY = "1,2";
				VERSIONING_SYSTEM = "apple-generic";
				VERSION_INFO_PREFIX = "";
			};
			name = Debug;
		};
		782822721A911A2F00041AF9 /* Release */ = {
			isa = XCBuildConfiguration;
			buildSettings = {
				CLANG_ENABLE_MODULES = YES;
				CURRENT_PROJECT_VERSION = 1;
				DEFINES_MODULE = YES;
				DYLIB_COMPATIBILITY_VERSION = 1;
				DYLIB_CURRENT_VERSION = 1;
				DYLIB_INSTALL_NAME_BASE = "@rpath";
				INFOPLIST_FILE = CoinKit/Info.plist;
				INSTALL_PATH = "$(LOCAL_LIBRARY_DIR)/Frameworks";
				LD_RUNPATH_SEARCH_PATHS = "$(inherited) @executable_path/Frameworks @loader_path/Frameworks";
				PRODUCT_NAME = "$(TARGET_NAME)";
				SKIP_INSTALL = YES;
				TARGETED_DEVICE_FAMILY = "1,2";
				VERSIONING_SYSTEM = "apple-generic";
				VERSION_INFO_PREFIX = "";
			};
			name = Release;
		};
		782822751A911A2F00041AF9 /* Debug */ = {
			isa = XCBuildConfiguration;
			buildSettings = {
				FRAMEWORK_SEARCH_PATHS = (
					"$(SDKROOT)/Developer/Library/Frameworks",
					"$(inherited)",
				);
				GCC_PREPROCESSOR_DEFINITIONS = (
					"DEBUG=1",
					"$(inherited)",
				);
				INFOPLIST_FILE = CoinKitTests/Info.plist;
				LD_RUNPATH_SEARCH_PATHS = "$(inherited) @executable_path/Frameworks @loader_path/Frameworks";
				PRODUCT_NAME = "$(TARGET_NAME)";
				TEST_HOST = "$(BUILT_PRODUCTS_DIR)/CoinTracker.app/CoinTracker";
			};
			name = Debug;
		};
		782822761A911A2F00041AF9 /* Release */ = {
			isa = XCBuildConfiguration;
			buildSettings = {
				FRAMEWORK_SEARCH_PATHS = (
					"$(SDKROOT)/Developer/Library/Frameworks",
					"$(inherited)",
				);
				INFOPLIST_FILE = CoinKitTests/Info.plist;
				LD_RUNPATH_SEARCH_PATHS = "$(inherited) @executable_path/Frameworks @loader_path/Frameworks";
				PRODUCT_NAME = "$(TARGET_NAME)";
				TEST_HOST = "$(BUILT_PRODUCTS_DIR)/CoinTracker.app/CoinTracker";
			};
			name = Release;
		};
/* End XCBuildConfiguration section */

/* Begin XCConfigurationList section */
		7823EABC1A91D1BA00BAF2C9 /* Build configuration list for PBXNativeTarget "CoinTracker WatchKit App" */ = {
			isa = XCConfigurationList;
			buildConfigurations = (
				7823EABD1A91D1BA00BAF2C9 /* Debug */,
				7823EABE1A91D1BA00BAF2C9 /* Release */,
			);
			defaultConfigurationIsVisible = 0;
		};
		7823EABF1A91D1BA00BAF2C9 /* Build configuration list for PBXNativeTarget "CoinTracker WatchKit Extension" */ = {
			isa = XCConfigurationList;
			buildConfigurations = (
				7823EAC01A91D1BA00BAF2C9 /* Debug */,
				7823EAC11A91D1BA00BAF2C9 /* Release */,
			);
			defaultConfigurationIsVisible = 0;
		};
		782822281A91195C00041AF9 /* Build configuration list for PBXProject "CoinTracker" */ = {
			isa = XCConfigurationList;
			buildConfigurations = (
				7828224A1A91195C00041AF9 /* Debug */,
				7828224B1A91195C00041AF9 /* Release */,
			);
			defaultConfigurationIsVisible = 0;
			defaultConfigurationName = Release;
		};
		7828224C1A91195C00041AF9 /* Build configuration list for PBXNativeTarget "CoinTracker" */ = {
			isa = XCConfigurationList;
			buildConfigurations = (
				7828224D1A91195C00041AF9 /* Debug */,
				7828224E1A91195C00041AF9 /* Release */,
			);
			defaultConfigurationIsVisible = 0;
			defaultConfigurationName = Release;
		};
		7828224F1A91195C00041AF9 /* Build configuration list for PBXNativeTarget "CoinTrackerTests" */ = {
			isa = XCConfigurationList;
			buildConfigurations = (
				782822501A91195C00041AF9 /* Debug */,
				782822511A91195C00041AF9 /* Release */,
			);
			defaultConfigurationIsVisible = 0;
			defaultConfigurationName = Release;
		};
		782822701A911A2F00041AF9 /* Build configuration list for PBXNativeTarget "CoinKit" */ = {
			isa = XCConfigurationList;
			buildConfigurations = (
				782822711A911A2F00041AF9 /* Debug */,
				782822721A911A2F00041AF9 /* Release */,
			);
			defaultConfigurationIsVisible = 0;
			defaultConfigurationName = Release;
		};
		782822741A911A2F00041AF9 /* Build configuration list for PBXNativeTarget "CoinKitTests" */ = {
			isa = XCConfigurationList;
			buildConfigurations = (
				782822751A911A2F00041AF9 /* Debug */,
				782822761A911A2F00041AF9 /* Release */,
			);
			defaultConfigurationIsVisible = 0;
			defaultConfigurationName = Release;
		};
/* End XCConfigurationList section */
	};
	rootObject = 782822251A91195C00041AF9 /* Project object */;
}
